// !$*UTF8*$!
{
	archiveVersion = 1;
	classes = {
	};
	objectVersion = 50;
	objects = {

/* Begin PBXBuildFile section */
		8D65711B240C770E00CBDC04 /* AppDelegate.swift in Sources */ = {isa = PBXBuildFile; fileRef = 8D65711A240C770E00CBDC04 /* AppDelegate.swift */; };
		8D65711D240C770E00CBDC04 /* SceneDelegate.swift in Sources */ = {isa = PBXBuildFile; fileRef = 8D65711C240C770E00CBDC04 /* SceneDelegate.swift */; };
		8D65711F240C770E00CBDC04 /* LoginViewController.swift in Sources */ = {isa = PBXBuildFile; fileRef = 8D65711E240C770E00CBDC04 /* LoginViewController.swift */; };
		8D657122240C770E00CBDC04 /* Main.storyboard in Resources */ = {isa = PBXBuildFile; fileRef = 8D657120240C770E00CBDC04 /* Main.storyboard */; };
		8D657124240C771200CBDC04 /* Assets.xcassets in Resources */ = {isa = PBXBuildFile; fileRef = 8D657123240C771200CBDC04 /* Assets.xcassets */; };
		8D657127240C771200CBDC04 /* LaunchScreen.storyboard in Resources */ = {isa = PBXBuildFile; fileRef = 8D657125240C771200CBDC04 /* LaunchScreen.storyboard */; };
		8D657132240C771200CBDC04 /* Firebase_Auth_LabTests.swift in Sources */ = {isa = PBXBuildFile; fileRef = 8D657131240C771200CBDC04 /* Firebase_Auth_LabTests.swift */; };
/* End PBXBuildFile section */

/* Begin PBXContainerItemProxy section */
		8D65712E240C771200CBDC04 /* PBXContainerItemProxy */ = {
			isa = PBXContainerItemProxy;
			containerPortal = 8D65710F240C770E00CBDC04 /* Project object */;
			proxyType = 1;
			remoteGlobalIDString = 8D657116240C770E00CBDC04;
			remoteInfo = "Firebase-Auth-Lab";
		};
/* End PBXContainerItemProxy section */

/* Begin PBXFileReference section */
		8D657117240C770E00CBDC04 /* Firebase-Auth-Lab.app */ = {isa = PBXFileReference; explicitFileType = wrapper.application; includeInIndex = 0; path = "Firebase-Auth-Lab.app"; sourceTree = BUILT_PRODUCTS_DIR; };
		8D65711A240C770E00CBDC04 /* AppDelegate.swift */ = {isa = PBXFileReference; lastKnownFileType = sourcecode.swift; path = AppDelegate.swift; sourceTree = "<group>"; };
		8D65711C240C770E00CBDC04 /* SceneDelegate.swift */ = {isa = PBXFileReference; lastKnownFileType = sourcecode.swift; path = SceneDelegate.swift; sourceTree = "<group>"; };
		8D65711E240C770E00CBDC04 /* LoginViewController.swift */ = {isa = PBXFileReference; lastKnownFileType = sourcecode.swift; path = LoginViewController.swift; sourceTree = "<group>"; };
		8D657121240C770E00CBDC04 /* Base */ = {isa = PBXFileReference; lastKnownFileType = file.storyboard; name = Base; path = Base.lproj/Main.storyboard; sourceTree = "<group>"; };
		8D657123240C771200CBDC04 /* Assets.xcassets */ = {isa = PBXFileReference; lastKnownFileType = folder.assetcatalog; path = Assets.xcassets; sourceTree = "<group>"; };
		8D657126240C771200CBDC04 /* Base */ = {isa = PBXFileReference; lastKnownFileType = file.storyboard; name = Base; path = Base.lproj/LaunchScreen.storyboard; sourceTree = "<group>"; };
		8D657128240C771200CBDC04 /* Info.plist */ = {isa = PBXFileReference; lastKnownFileType = text.plist.xml; path = Info.plist; sourceTree = "<group>"; };
		8D65712D240C771200CBDC04 /* Firebase-Auth-LabTests.xctest */ = {isa = PBXFileReference; explicitFileType = wrapper.cfbundle; includeInIndex = 0; path = "Firebase-Auth-LabTests.xctest"; sourceTree = BUILT_PRODUCTS_DIR; };
		8D657131240C771200CBDC04 /* Firebase_Auth_LabTests.swift */ = {isa = PBXFileReference; lastKnownFileType = sourcecode.swift; path = Firebase_Auth_LabTests.swift; sourceTree = "<group>"; };
		8D657133240C771200CBDC04 /* Info.plist */ = {isa = PBXFileReference; lastKnownFileType = text.plist.xml; path = Info.plist; sourceTree = "<group>"; };
/* End PBXFileReference section */

/* Begin PBXFrameworksBuildPhase section */
		8D657114240C770E00CBDC04 /* Frameworks */ = {
			isa = PBXFrameworksBuildPhase;
			buildActionMask = 2147483647;
			files = (
			);
			runOnlyForDeploymentPostprocessing = 0;
		};
		8D65712A240C771200CBDC04 /* Frameworks */ = {
			isa = PBXFrameworksBuildPhase;
			buildActionMask = 2147483647;
			files = (
			);
			runOnlyForDeploymentPostprocessing = 0;
		};
/* End PBXFrameworksBuildPhase section */

/* Begin PBXGroup section */
		8D65710E240C770E00CBDC04 = {
			isa = PBXGroup;
			children = (
				8D657119240C770E00CBDC04 /* Firebase-Auth-Lab */,
				8D657130240C771200CBDC04 /* Firebase-Auth-LabTests */,
				8D657118240C770E00CBDC04 /* Products */,
			);
			sourceTree = "<group>";
		};
		8D657118240C770E00CBDC04 /* Products */ = {
			isa = PBXGroup;
			children = (
				8D657117240C770E00CBDC04 /* Firebase-Auth-Lab.app */,
				8D65712D240C771200CBDC04 /* Firebase-Auth-LabTests.xctest */,
			);
			name = Products;
			sourceTree = "<group>";
		};
		8D657119240C770E00CBDC04 /* Firebase-Auth-Lab */ = {
			isa = PBXGroup;
			children = (
				8D65711A240C770E00CBDC04 /* AppDelegate.swift */,
				8D65711C240C770E00CBDC04 /* SceneDelegate.swift */,
				8D65711E240C770E00CBDC04 /* LoginViewController.swift */,
				8D657120240C770E00CBDC04 /* Main.storyboard */,
				8D657123240C771200CBDC04 /* Assets.xcassets */,
				8D657125240C771200CBDC04 /* LaunchScreen.storyboard */,
				8D657128240C771200CBDC04 /* Info.plist */,
			);
			path = "Firebase-Auth-Lab";
			sourceTree = "<group>";
		};
		8D657130240C771200CBDC04 /* Firebase-Auth-LabTests */ = {
			isa = PBXGroup;
			children = (
				8D657131240C771200CBDC04 /* Firebase_Auth_LabTests.swift */,
				8D657133240C771200CBDC04 /* Info.plist */,
			);
			path = "Firebase-Auth-LabTests";
			sourceTree = "<group>";
		};
/* End PBXGroup section */

/* Begin PBXNativeTarget section */
		8D657116240C770E00CBDC04 /* Firebase-Auth-Lab */ = {
			isa = PBXNativeTarget;
			buildConfigurationList = 8D657136240C771200CBDC04 /* Build configuration list for PBXNativeTarget "Firebase-Auth-Lab" */;
			buildPhases = (
				8D657113240C770E00CBDC04 /* Sources */,
				8D657114240C770E00CBDC04 /* Frameworks */,
				8D657115240C770E00CBDC04 /* Resources */,
			);
			buildRules = (
			);
			dependencies = (
			);
			name = "Firebase-Auth-Lab";
			productName = "Firebase-Auth-Lab";
			productReference = 8D657117240C770E00CBDC04 /* Firebase-Auth-Lab.app */;
			productType = "com.apple.product-type.application";
		};
		8D65712C240C771200CBDC04 /* Firebase-Auth-LabTests */ = {
			isa = PBXNativeTarget;
			buildConfigurationList = 8D657139240C771200CBDC04 /* Build configuration list for PBXNativeTarget "Firebase-Auth-LabTests" */;
			buildPhases = (
				8D657129240C771200CBDC04 /* Sources */,
				8D65712A240C771200CBDC04 /* Frameworks */,
				8D65712B240C771200CBDC04 /* Resources */,
			);
			buildRules = (
			);
			dependencies = (
				8D65712F240C771200CBDC04 /* PBXTargetDependency */,
			);
			name = "Firebase-Auth-LabTests";
			productName = "Firebase-Auth-LabTests";
			productReference = 8D65712D240C771200CBDC04 /* Firebase-Auth-LabTests.xctest */;
			productType = "com.apple.product-type.bundle.unit-test";
		};
/* End PBXNativeTarget section */

/* Begin PBXProject section */
		8D65710F240C770E00CBDC04 /* Project object */ = {
			isa = PBXProject;
			attributes = {
				LastSwiftUpdateCheck = 1120;
				LastUpgradeCheck = 1120;
				ORGANIZATIONNAME = "Luba Kaper";
				TargetAttributes = {
					8D657116240C770E00CBDC04 = {
						CreatedOnToolsVersion = 11.2.1;
					};
					8D65712C240C771200CBDC04 = {
						CreatedOnToolsVersion = 11.2.1;
						TestTargetID = 8D657116240C770E00CBDC04;
					};
				};
			};
			buildConfigurationList = 8D657112240C770E00CBDC04 /* Build configuration list for PBXProject "Firebase-Auth-Lab" */;
			compatibilityVersion = "Xcode 9.3";
			developmentRegion = en;
			hasScannedForEncodings = 0;
			knownRegions = (
				en,
				Base,
			);
			mainGroup = 8D65710E240C770E00CBDC04;
			productRefGroup = 8D657118240C770E00CBDC04 /* Products */;
			projectDirPath = "";
			projectRoot = "";
			targets = (
				8D657116240C770E00CBDC04 /* Firebase-Auth-Lab */,
				8D65712C240C771200CBDC04 /* Firebase-Auth-LabTests */,
			);
		};
/* End PBXProject section */

/* Begin PBXResourcesBuildPhase section */
		8D657115240C770E00CBDC04 /* Resources */ = {
			isa = PBXResourcesBuildPhase;
			buildActionMask = 2147483647;
			files = (
				8D657127240C771200CBDC04 /* LaunchScreen.storyboard in Resources */,
				8D657124240C771200CBDC04 /* Assets.xcassets in Resources */,
				8D657122240C770E00CBDC04 /* Main.storyboard in Resources */,
			);
			runOnlyForDeploymentPostprocessing = 0;
		};
		8D65712B240C771200CBDC04 /* Resources */ = {
			isa = PBXResourcesBuildPhase;
			buildActionMask = 2147483647;
			files = (
			);
			runOnlyForDeploymentPostprocessing = 0;
		};
/* End PBXResourcesBuildPhase section */

/* Begin PBXSourcesBuildPhase section */
		8D657113240C770E00CBDC04 /* Sources */ = {
			isa = PBXSourcesBuildPhase;
			buildActionMask = 2147483647;
			files = (
				8D65711F240C770E00CBDC04 /* LoginViewController.swift in Sources */,
				8D65711B240C770E00CBDC04 /* AppDelegate.swift in Sources */,
				8D65711D240C770E00CBDC04 /* SceneDelegate.swift in Sources */,
			);
			runOnlyForDeploymentPostprocessing = 0;
		};
		8D657129240C771200CBDC04 /* Sources */ = {
			isa = PBXSourcesBuildPhase;
			buildActionMask = 2147483647;
			files = (
				8D657132240C771200CBDC04 /* Firebase_Auth_LabTests.swift in Sources */,
			);
			runOnlyForDeploymentPostprocessing = 0;
		};
/* End PBXSourcesBuildPhase section */

/* Begin PBXTargetDependency section */
		8D65712F240C771200CBDC04 /* PBXTargetDependency */ = {
			isa = PBXTargetDependency;
			target = 8D657116240C770E00CBDC04 /* Firebase-Auth-Lab */;
			targetProxy = 8D65712E240C771200CBDC04 /* PBXContainerItemProxy */;
		};
/* End PBXTargetDependency section */

/* Begin PBXVariantGroup section */
		8D657120240C770E00CBDC04 /* Main.storyboard */ = {
			isa = PBXVariantGroup;
			children = (
				8D657121240C770E00CBDC04 /* Base */,
			);
			name = Main.storyboard;
			sourceTree = "<group>";
		};
		8D657125240C771200CBDC04 /* LaunchScreen.storyboard */ = {
			isa = PBXVariantGroup;
			children = (
				8D657126240C771200CBDC04 /* Base */,
			);
			name = LaunchScreen.storyboard;
			sourceTree = "<group>";
		};
/* End PBXVariantGroup section */

/* Begin XCBuildConfiguration section */
		8D657134240C771200CBDC04 /* Debug */ = {
			isa = XCBuildConfiguration;
			buildSettings = {
				ALWAYS_SEARCH_USER_PATHS = NO;
				CLANG_ANALYZER_NONNULL = YES;
				CLANG_ANALYZER_NUMBER_OBJECT_CONVERSION = YES_AGGRESSIVE;
				CLANG_CXX_LANGUAGE_STANDARD = "gnu++14";
				CLANG_CXX_LIBRARY = "libc++";
				CLANG_ENABLE_MODULES = YES;
				CLANG_ENABLE_OBJC_ARC = YES;
				CLANG_ENABLE_OBJC_WEAK = YES;
				CLANG_WARN_BLOCK_CAPTURE_AUTORELEASING = YES;
				CLANG_WARN_BOOL_CONVERSION = YES;
				CLANG_WARN_COMMA = YES;
				CLANG_WARN_CONSTANT_CONVERSION = YES;
				CLANG_WARN_DEPRECATED_OBJC_IMPLEMENTATIONS = YES;
				CLANG_WARN_DIRECT_OBJC_ISA_USAGE = YES_ERROR;
				CLANG_WARN_DOCUMENTATION_COMMENTS = YES;
				CLANG_WARN_EMPTY_BODY = YES;
				CLANG_WARN_ENUM_CONVERSION = YES;
				CLANG_WARN_INFINITE_RECURSION = YES;
				CLANG_WARN_INT_CONVERSION = YES;
				CLANG_WARN_NON_LITERAL_NULL_CONVERSION = YES;
				CLANG_WARN_OBJC_IMPLICIT_RETAIN_SELF = YES;
				CLANG_WARN_OBJC_LITERAL_CONVERSION = YES;
				CLANG_WARN_OBJC_ROOT_CLASS = YES_ERROR;
				CLANG_WARN_RANGE_LOOP_ANALYSIS = YES;
				CLANG_WARN_STRICT_PROTOTYPES = YES;
				CLANG_WARN_SUSPICIOUS_MOVE = YES;
				CLANG_WARN_UNGUARDED_AVAILABILITY = YES_AGGRESSIVE;
				CLANG_WARN_UNREACHABLE_CODE = YES;
				CLANG_WARN__DUPLICATE_METHOD_MATCH = YES;
				COPY_PHASE_STRIP = NO;
				DEBUG_INFORMATION_FORMAT = dwarf;
				ENABLE_STRICT_OBJC_MSGSEND = YES;
				ENABLE_TESTABILITY = YES;
				GCC_C_LANGUAGE_STANDARD = gnu11;
				GCC_DYNAMIC_NO_PIC = NO;
				GCC_NO_COMMON_BLOCKS = YES;
				GCC_OPTIMIZATION_LEVEL = 0;
				GCC_PREPROCESSOR_DEFINITIONS = (
					"DEBUG=1",
					"$(inherited)",
				);
				GCC_WARN_64_TO_32_BIT_CONVERSION = YES;
				GCC_WARN_ABOUT_RETURN_TYPE = YES_ERROR;
				GCC_WARN_UNDECLARED_SELECTOR = YES;
				GCC_WARN_UNINITIALIZED_AUTOS = YES_AGGRESSIVE;
				GCC_WARN_UNUSED_FUNCTION = YES;
				GCC_WARN_UNUSED_VARIABLE = YES;
				IPHONEOS_DEPLOYMENT_TARGET = 13.2;
				MTL_ENABLE_DEBUG_INFO = INCLUDE_SOURCE;
				MTL_FAST_MATH = YES;
				ONLY_ACTIVE_ARCH = YES;
				SDKROOT = iphoneos;
				SWIFT_ACTIVE_COMPILATION_CONDITIONS = DEBUG;
				SWIFT_OPTIMIZATION_LEVEL = "-Onone";
			};
			name = Debug;
		};
		8D657135240C771200CBDC04 /* Release */ = {
			isa = XCBuildConfiguration;
			buildSettings = {
				ALWAYS_SEARCH_USER_PATHS = NO;
				CLANG_ANALYZER_NONNULL = YES;
				CLANG_ANALYZER_NUMBER_OBJECT_CONVERSION = YES_AGGRESSIVE;
				CLANG_CXX_LANGUAGE_STANDARD = "gnu++14";
				CLANG_CXX_LIBRARY = "libc++";
				CLANG_ENABLE_MODULES = YES;
				CLANG_ENABLE_OBJC_ARC = YES;
				CLANG_ENABLE_OBJC_WEAK = YES;
				CLANG_WARN_BLOCK_CAPTURE_AUTORELEASING = YES;
				CLANG_WARN_BOOL_CONVERSION = YES;
				CLANG_WARN_COMMA = YES;
				CLANG_WARN_CONSTANT_CONVERSION = YES;
				CLANG_WARN_DEPRECATED_OBJC_IMPLEMENTATIONS = YES;
				CLANG_WARN_DIRECT_OBJC_ISA_USAGE = YES_ERROR;
				CLANG_WARN_DOCUMENTATION_COMMENTS = YES;
				CLANG_WARN_EMPTY_BODY = YES;
				CLANG_WARN_ENUM_CONVERSION = YES;
				CLANG_WARN_INFINITE_RECURSION = YES;
				CLANG_WARN_INT_CONVERSION = YES;
				CLANG_WARN_NON_LITERAL_NULL_CONVERSION = YES;
				CLANG_WARN_OBJC_IMPLICIT_RETAIN_SELF = YES;
				CLANG_WARN_OBJC_LITERAL_CONVERSION = YES;
				CLANG_WARN_OBJC_ROOT_CLASS = YES_ERROR;
				CLANG_WARN_RANGE_LOOP_ANALYSIS = YES;
				CLANG_WARN_STRICT_PROTOTYPES = YES;
				CLANG_WARN_SUSPICIOUS_MOVE = YES;
				CLANG_WARN_UNGUARDED_AVAILABILITY = YES_AGGRESSIVE;
				CLANG_WARN_UNREACHABLE_CODE = YES;
				CLANG_WARN__DUPLICATE_METHOD_MATCH = YES;
				COPY_PHASE_STRIP = NO;
				DEBUG_INFORMATION_FORMAT = "dwarf-with-dsym";
				ENABLE_NS_ASSERTIONS = NO;
				ENABLE_STRICT_OBJC_MSGSEND = YES;
				GCC_C_LANGUAGE_STANDARD = gnu11;
				GCC_NO_COMMON_BLOCKS = YES;
				GCC_WARN_64_TO_32_BIT_CONVERSION = YES;
				GCC_WARN_ABOUT_RETURN_TYPE = YES_ERROR;
				GCC_WARN_UNDECLARED_SELECTOR = YES;
				GCC_WARN_UNINITIALIZED_AUTOS = YES_AGGRESSIVE;
				GCC_WARN_UNUSED_FUNCTION = YES;
				GCC_WARN_UNUSED_VARIABLE = YES;
				IPHONEOS_DEPLOYMENT_TARGET = 13.2;
				MTL_ENABLE_DEBUG_INFO = NO;
				MTL_FAST_MATH = YES;
				SDKROOT = iphoneos;
				SWIFT_COMPILATION_MODE = wholemodule;
				SWIFT_OPTIMIZATION_LEVEL = "-O";
				VALIDATE_PRODUCT = YES;
			};
			name = Release;
		};
		8D657137240C771200CBDC04 /* Debug */ = {
			isa = XCBuildConfiguration;
			buildSettings = {
				ASSETCATALOG_COMPILER_APPICON_NAME = AppIcon;
				CODE_SIGN_STYLE = Automatic;
				DEVELOPMENT_TEAM = CNV924Q9C2;
				INFOPLIST_FILE = "Firebase-Auth-Lab/Info.plist";
				LD_RUNPATH_SEARCH_PATHS = (
					"$(inherited)",
					"@executable_path/Frameworks",
				);
				PRODUCT_BUNDLE_IDENTIFIER = "com.lubakaper.Firebase-Auth-Lab";
				PRODUCT_NAME = "$(TARGET_NAME)";
				SWIFT_VERSION = 5.0;
				TARGETED_DEVICE_FAMILY = "1,2";
			};
			name = Debug;
		};
		8D657138240C771200CBDC04 /* Release */ = {
			isa = XCBuildConfiguration;
			buildSettings = {
				ASSETCATALOG_COMPILER_APPICON_NAME = AppIcon;
				CODE_SIGN_STYLE = Automatic;
				DEVELOPMENT_TEAM = CNV924Q9C2;
				INFOPLIST_FILE = "Firebase-Auth-Lab/Info.plist";
				LD_RUNPATH_SEARCH_PATHS = (
					"$(inherited)",
					"@executable_path/Frameworks",
				);
				PRODUCT_BUNDLE_IDENTIFIER = "com.lubakaper.Firebase-Auth-Lab";
				PRODUCT_NAME = "$(TARGET_NAME)";
				SWIFT_VERSION = 5.0;
				TARGETED_DEVICE_FAMILY = "1,2";
			};
			name = Release;
		};
		8D65713A240C771200CBDC04 /* Debug */ = {
			isa = XCBuildConfiguration;
			buildSettings = {
				ALWAYS_EMBED_SWIFT_STANDARD_LIBRARIES = YES;
				BUNDLE_LOADER = "$(TEST_HOST)";
				CODE_SIGN_STYLE = Automatic;
				DEVELOPMENT_TEAM = CNV924Q9C2;
				INFOPLIST_FILE = "Firebase-Auth-LabTests/Info.plist";
				IPHONEOS_DEPLOYMENT_TARGET = 13.2;
				LD_RUNPATH_SEARCH_PATHS = (
					"$(inherited)",
					"@executable_path/Frameworks",
					"@loader_path/Frameworks",
				);
				PRODUCT_BUNDLE_IDENTIFIER = "com.lubakaper.Firebase-Auth-LabTests";
				PRODUCT_NAME = "$(TARGET_NAME)";
				SWIFT_VERSION = 5.0;
				TARGETED_DEVICE_FAMILY = "1,2";
				TEST_HOST = "$(BUILT_PRODUCTS_DIR)/Firebase-Auth-Lab.app/Firebase-Auth-Lab";
			};
			name = Debug;
		};
		8D65713B240C771200CBDC04 /* Release */ = {
			isa = XCBuildConfiguration;
			buildSettings = {
				ALWAYS_EMBED_SWIFT_STANDARD_LIBRARIES = YES;
				BUNDLE_LOADER = "$(TEST_HOST)";
				CODE_SIGN_STYLE = Automatic;
				DEVELOPMENT_TEAM = CNV924Q9C2;
				INFOPLIST_FILE = "Firebase-Auth-LabTests/Info.plist";
				IPHONEOS_DEPLOYMENT_TARGET = 13.2;
				LD_RUNPATH_SEARCH_PATHS = (
					"$(inherited)",
					"@executable_path/Frameworks",
					"@loader_path/Frameworks",
				);
				PRODUCT_BUNDLE_IDENTIFIER = "com.lubakaper.Firebase-Auth-LabTests";
				PRODUCT_NAME = "$(TARGET_NAME)";
				SWIFT_VERSION = 5.0;
				TARGETED_DEVICE_FAMILY = "1,2";
				TEST_HOST = "$(BUILT_PRODUCTS_DIR)/Firebase-Auth-Lab.app/Firebase-Auth-Lab";
			};
			name = Release;
		};
/* End XCBuildConfiguration section */

/* Begin XCConfigurationList section */
		8D657112240C770E00CBDC04 /* Build configuration list for PBXProject "Firebase-Auth-Lab" */ = {
			isa = XCConfigurationList;
			buildConfigurations = (
				8D657134240C771200CBDC04 /* Debug */,
				8D657135240C771200CBDC04 /* Release */,
			);
			defaultConfigurationIsVisible = 0;
			defaultConfigurationName = Release;
		};
		8D657136240C771200CBDC04 /* Build configuration list for PBXNativeTarget "Firebase-Auth-Lab" */ = {
			isa = XCConfigurationList;
			buildConfigurations = (
				8D657137240C771200CBDC04 /* Debug */,
				8D657138240C771200CBDC04 /* Release */,
			);
			defaultConfigurationIsVisible = 0;
			defaultConfigurationName = Release;
		};
		8D657139240C771200CBDC04 /* Build configuration list for PBXNativeTarget "Firebase-Auth-LabTests" */ = {
			isa = XCConfigurationList;
			buildConfigurations = (
				8D65713A240C771200CBDC04 /* Debug */,
				8D65713B240C771200CBDC04 /* Release */,
			);
			defaultConfigurationIsVisible = 0;
			defaultConfigurationName = Release;
		};
/* End XCConfigurationList section */
	};
	rootObject = 8D65710F240C770E00CBDC04 /* Project object */;
}
